
Microsoft Visual Studio Solution File, Format Version 12.00
# Visual Studio Version 17
VisualStudioVersion = 17.0.31912.275
MinimumVisualStudioVersion = 10.0.40219.1
Project("{FAE04EC0-301F-11D3-BF4B-00C04F79EFBC}") = "SpotifyGuess", "SpotifyGuess\SpotifyGuess.csproj", "{0C5BAD88-5B0E-457F-AB1C-7DF2CDB5D5DC}"
EndProject
Global
	GlobalSection(SolutionConfigurationPlatforms) = preSolution
		Debug|Any CPU = Debug|Any CPU
		Release|Any CPU = Release|Any CPU
	EndGlobalSection
	GlobalSection(ProjectConfigurationPlatforms) = postSolution
		{0C5BAD88-5B0E-457F-AB1C-7DF2CDB5D5DC}.Debug|Any CPU.ActiveCfg = Debug|Any CPU
		{0C5BAD88-5B0E-457F-AB1C-7DF2CDB5D5DC}.Debug|Any CPU.Build.0 = Debug|Any CPU
		{0C5BAD88-5B0E-457F-AB1C-7DF2CDB5D5DC}.Release|Any CPU.ActiveCfg = Release|Any CPU
		{0C5BAD88-5B0E-457F-AB1C-7DF2CDB5D5DC}.Release|Any CPU.Build.0 = Release|Any CPU
	EndGlobalSection
	GlobalSection(SolutionProperties) = preSolution
		HideSolutionNode = FALSE
	EndGlobalSection
	GlobalSection(ExtensibilityGlobals) = postSolution
		SolutionGuid = {51673E04-4B97-42FE-BF2E-EFC0117188D5}
	EndGlobalSection
EndGlobal
